
Microsoft Visual Studio Solution File, Format Version 12.00
# Visual Studio Version 16
VisualStudioVersion = 16.0.30517.126
MinimumVisualStudioVersion = 10.0.40219.1
Project("{8BC9CEB8-8B4A-11D0-8D11-00A0C91BC942}") = "BlueLightDrv", "BlueLightDrv\BlueLightDrv.vcxproj", "{6CCF5587-98B9-4395-9D08-234548FA1CE6}"
EndProject
Project("{8BC9CEB8-8B4A-11D0-8D11-00A0C91BC942}") = "BlueLightClient", "BlueLightClient\BlueLightClient.vcxproj", "{6F973D10-05CA-4600-AE2A-30E7DF5C952F}"
EndProject
Project("{8BC9CEB8-8B4A-11D0-8D11-00A0C91BC942}") = "injlib", "injlib\injlib.vcxproj", "{E2ABAE21-2862-4356-BA49-28C060878D76}"
EndProject
Global
	GlobalSection(SolutionConfigurationPlatforms) = preSolution
		Debug|ARM = Debug|ARM
		Debug|ARM64 = Debug|ARM64
		Debug|x64 = Debug|x64
		Debug|x86 = Debug|x86
		Release|ARM = Release|ARM
		Release|ARM64 = Release|ARM64
		Release|x64 = Release|x64
		Release|x86 = Release|x86
	EndGlobalSection
	GlobalSection(ProjectConfigurationPlatforms) = postSolution
		{6CCF5587-98B9-4395-9D08-234548FA1CE6}.Debug|ARM.ActiveCfg = Debug|ARM
		{6CCF5587-98B9-4395-9D08-234548FA1CE6}.Debug|ARM.Build.0 = Debug|ARM
		{6CCF5587-98B9-4395-9D08-234548FA1CE6}.Debug|ARM.Deploy.0 = Debug|ARM
		{6CCF5587-98B9-4395-9D08-234548FA1CE6}.Debug|ARM64.ActiveCfg = Debug|ARM64
		{6CCF5587-98B9-4395-9D08-234548FA1CE6}.Debug|ARM64.Build.0 = Debug|ARM64
		{6CCF5587-98B9-4395-9D08-234548FA1CE6}.Debug|ARM64.Deploy.0 = Debug|ARM64
		{6CCF5587-98B9-4395-9D08-234548FA1CE6}.Debug|x64.ActiveCfg = Debug|x64
		{6CCF5587-98B9-4395-9D08-234548FA1CE6}.Debug|x64.Build.0 = Debug|x64
		{6CCF5587-98B9-4395-9D08-234548FA1CE6}.Debug|x64.Deploy.0 = Debug|x64
		{6CCF5587-98B9-4395-9D08-234548FA1CE6}.Debug|x86.ActiveCfg = Debug|Win32
		{6CCF5587-98B9-4395-9D08-234548FA1CE6}.Debug|x86.Build.0 = Debug|Win32
		{6CCF5587-98B9-4395-9D08-234548FA1CE6}.Debug|x86.Deploy.0 = Debug|Win32
		{6CCF5587-98B9-4395-9D08-234548FA1CE6}.Release|ARM.ActiveCfg = Release|ARM
		{6CCF5587-98B9-4395-9D08-234548FA1CE6}.Release|ARM.Build.0 = Release|ARM
		{6CCF5587-98B9-4395-9D08-234548FA1CE6}.Release|ARM.Deploy.0 = Release|ARM
		{6CCF5587-98B9-4395-9D08-234548FA1CE6}.Release|ARM64.ActiveCfg = Release|ARM64
		{6CCF5587-98B9-4395-9D08-234548FA1CE6}.Release|ARM64.Build.0 = Release|ARM64
		{6CCF5587-98B9-4395-9D08-234548FA1CE6}.Release|ARM64.Deploy.0 = Release|ARM64
		{6CCF5587-98B9-4395-9D08-234548FA1CE6}.Release|x64.ActiveCfg = Release|x64
		{6CCF5587-98B9-4395-9D08-234548FA1CE6}.Release|x64.Build.0 = Release|x64
		{6CCF5587-98B9-4395-9D08-234548FA1CE6}.Release|x64.Deploy.0 = Release|x64
		{6CCF5587-98B9-4395-9D08-234548FA1CE6}.Release|x86.ActiveCfg = Release|Win32
		{6CCF5587-98B9-4395-9D08-234548FA1CE6}.Release|x86.Build.0 = Release|Win32
		{6CCF5587-98B9-4395-9D08-234548FA1CE6}.Release|x86.Deploy.0 = Release|Win32
		{6F973D10-05CA-4600-AE2A-30E7DF5C952F}.Debug|ARM.ActiveCfg = Debug|Win32
		{6F973D10-05CA-4600-AE2A-30E7DF5C952F}.Debug|ARM64.ActiveCfg = Debug|Win32
		{6F973D10-05CA-4600-AE2A-30E7DF5C952F}.Debug|x64.ActiveCfg = Debug|x64
		{6F973D10-05CA-4600-AE2A-30E7DF5C952F}.Debug|x64.Build.0 = Debug|x64
		{6F973D10-05CA-4600-AE2A-30E7DF5C952F}.Debug|x86.ActiveCfg = Debug|Win32
		{6F973D10-05CA-4600-AE2A-30E7DF5C952F}.Debug|x86.Build.0 = Debug|Win32
		{6F973D10-05CA-4600-AE2A-30E7DF5C952F}.Release|ARM.ActiveCfg = Release|Win32
		{6F973D10-05CA-4600-AE2A-30E7DF5C952F}.Release|ARM64.ActiveCfg = Release|Win32
		{6F973D10-05CA-4600-AE2A-30E7DF5C952F}.Release|x64.ActiveCfg = Release|x64
		{6F973D10-05CA-4600-AE2A-30E7DF5C952F}.Release|x64.Build.0 = Release|x64
		{6F973D10-05CA-4600-AE2A-30E7DF5C952F}.Release|x86.ActiveCfg = Release|Win32
		{6F973D10-05CA-4600-AE2A-30E7DF5C952F}.Release|x86.Build.0 = Release|Win32
		{E2ABAE21-2862-4356-BA49-28C060878D76}.Debug|ARM.ActiveCfg = Debug|Win32
		{E2ABAE21-2862-4356-BA49-28C060878D76}.Debug|ARM64.ActiveCfg = Debug|ARM64
		{E2ABAE21-2862-4356-BA49-28C060878D76}.Debug|ARM64.Build.0 = Debug|ARM64
		{E2ABAE21-2862-4356-BA49-28C060878D76}.Debug|ARM64.Deploy.0 = Debug|ARM64
		{E2ABAE21-2862-4356-BA49-28C060878D76}.Debug|x64.ActiveCfg = Debug|x64
		{E2ABAE21-2862-4356-BA49-28C060878D76}.Debug|x64.Build.0 = Debug|x64
		{E2ABAE21-2862-4356-BA49-28C060878D76}.Debug|x64.Deploy.0 = Debug|x64
		{E2ABAE21-2862-4356-BA49-28C060878D76}.Debug|x86.ActiveCfg = Debug|Win32
		{E2ABAE21-2862-4356-BA49-28C060878D76}.Debug|x86.Build.0 = Debug|Win32
		{E2ABAE21-2862-4356-BA49-28C060878D76}.Debug|x86.Deploy.0 = Debug|Win32
		{E2ABAE21-2862-4356-BA49-28C060878D76}.Release|ARM.ActiveCfg = Release|Win32
		{E2ABAE21-2862-4356-BA49-28C060878D76}.Release|ARM64.ActiveCfg = Release|ARM64
		{E2ABAE21-2862-4356-BA49-28C060878D76}.Release|ARM64.Build.0 = Release|ARM64
		{E2ABAE21-2862-4356-BA49-28C060878D76}.Release|ARM64.Deploy.0 = Release|ARM64
		{E2ABAE21-2862-4356-BA49-28C060878D76}.Release|x64.ActiveCfg = Release|x64
		{E2ABAE21-2862-4356-BA49-28C060878D76}.Release|x64.Build.0 = Release|x64
		{E2ABAE21-2862-4356-BA49-28C060878D76}.Release|x64.Deploy.0 = Release|x64
		{E2ABAE21-2862-4356-BA49-28C060878D76}.Release|x86.ActiveCfg = Release|Win32
		{E2ABAE21-2862-4356-BA49-28C060878D76}.Release|x86.Build.0 = Release|Win32
		{E2ABAE21-2862-4356-BA49-28C060878D76}.Release|x86.Deploy.0 = Release|Win32
	EndGlobalSection
	GlobalSection(SolutionProperties) = preSolution
		HideSolutionNode = FALSE
	EndGlobalSection
	GlobalSection(ExtensibilityGlobals) = postSolution
		SolutionGuid = {20ED41B8-5E46-45B6-A9FE-969956130C28}
	EndGlobalSection
EndGlobal
